
Microsoft Visual Studio Solution File, Format Version 12.00
# Visual Studio Version 16
VisualStudioVersion = 16.0.31321.278
MinimumVisualStudioVersion = 10.0.40219.1
Project("{FAE04EC0-301F-11D3-BF4B-00C04F79EFBC}") = "Calculos_basico", "Calculos_basico\Calculos_basico.csproj", "{AB9FA018-BC22-42A0-A9E1-7DF783098B22}"
EndProject
Global
	GlobalSection(SolutionConfigurationPlatforms) = preSolution
		Debug|Any CPU = Debug|Any CPU
		Release|Any CPU = Release|Any CPU
	EndGlobalSection
	GlobalSection(ProjectConfigurationPlatforms) = postSolution
		{AB9FA018-BC22-42A0-A9E1-7DF783098B22}.Debug|Any CPU.ActiveCfg = Debug|Any CPU
		{AB9FA018-BC22-42A0-A9E1-7DF783098B22}.Debug|Any CPU.Build.0 = Debug|Any CPU
		{AB9FA018-BC22-42A0-A9E1-7DF783098B22}.Release|Any CPU.ActiveCfg = Release|Any CPU
		{AB9FA018-BC22-42A0-A9E1-7DF783098B22}.Release|Any CPU.Build.0 = Release|Any CPU
	EndGlobalSection
	GlobalSection(SolutionProperties) = preSolution
		HideSolutionNode = FALSE
	EndGlobalSection
	GlobalSection(ExtensibilityGlobals) = postSolution
		SolutionGuid = {CBB9922C-B980-41C4-A244-9BE33D5A6289}
	EndGlobalSection
EndGlobal
