
Microsoft Visual Studio Solution File, Format Version 12.00
# Visual Studio Version 16
VisualStudioVersion = 16.0.31321.278
MinimumVisualStudioVersion = 10.0.40219.1
Project("{FAE04EC0-301F-11D3-BF4B-00C04F79EFBC}") = "Array", "Array\Array.csproj", "{6B1AF053-FC6E-458C-A1B0-1EA806F954ED}"
EndProject
Global
	GlobalSection(SolutionConfigurationPlatforms) = preSolution
		Debug|Any CPU = Debug|Any CPU
		Release|Any CPU = Release|Any CPU
	EndGlobalSection
	GlobalSection(ProjectConfigurationPlatforms) = postSolution
		{6B1AF053-FC6E-458C-A1B0-1EA806F954ED}.Debug|Any CPU.ActiveCfg = Debug|Any CPU
		{6B1AF053-FC6E-458C-A1B0-1EA806F954ED}.Debug|Any CPU.Build.0 = Debug|Any CPU
		{6B1AF053-FC6E-458C-A1B0-1EA806F954ED}.Release|Any CPU.ActiveCfg = Release|Any CPU
		{6B1AF053-FC6E-458C-A1B0-1EA806F954ED}.Release|Any CPU.Build.0 = Release|Any CPU
	EndGlobalSection
	GlobalSection(SolutionProperties) = preSolution
		HideSolutionNode = FALSE
	EndGlobalSection
	GlobalSection(ExtensibilityGlobals) = postSolution
		SolutionGuid = {C2C11DDD-6E88-43DA-82D8-A544AE614FC6}
	EndGlobalSection
EndGlobal
