
Microsoft Visual Studio Solution File, Format Version 12.00
# Visual Studio Version 16
VisualStudioVersion = 16.0.31321.278
MinimumVisualStudioVersion = 10.0.40219.1
Project("{FAE04EC0-301F-11D3-BF4B-00C04F79EFBC}") = "Calculo_media", "Calculo_media\Calculo_media.csproj", "{6FAC689D-FFF0-49A0-B5C3-18EB7FE928A5}"
EndProject
Global
	GlobalSection(SolutionConfigurationPlatforms) = preSolution
		Debug|Any CPU = Debug|Any CPU
		Release|Any CPU = Release|Any CPU
	EndGlobalSection
	GlobalSection(ProjectConfigurationPlatforms) = postSolution
		{6FAC689D-FFF0-49A0-B5C3-18EB7FE928A5}.Debug|Any CPU.ActiveCfg = Debug|Any CPU
		{6FAC689D-FFF0-49A0-B5C3-18EB7FE928A5}.Debug|Any CPU.Build.0 = Debug|Any CPU
		{6FAC689D-FFF0-49A0-B5C3-18EB7FE928A5}.Release|Any CPU.ActiveCfg = Release|Any CPU
		{6FAC689D-FFF0-49A0-B5C3-18EB7FE928A5}.Release|Any CPU.Build.0 = Release|Any CPU
	EndGlobalSection
	GlobalSection(SolutionProperties) = preSolution
		HideSolutionNode = FALSE
	EndGlobalSection
	GlobalSection(ExtensibilityGlobals) = postSolution
		SolutionGuid = {06395B24-0DD3-4053-8CFE-AFB7BA627FE0}
	EndGlobalSection
EndGlobal
