
Microsoft Visual Studio Solution File, Format Version 12.00
# Visual Studio Version 16
VisualStudioVersion = 16.0.31321.278
MinimumVisualStudioVersion = 10.0.40219.1
Project("{FAE04EC0-301F-11D3-BF4B-00C04F79EFBC}") = "Array_Multi", "Array_Multi\Array_Multi.csproj", "{A5524B07-9645-49AD-9BB2-74FD729DF97C}"
EndProject
Global
	GlobalSection(SolutionConfigurationPlatforms) = preSolution
		Debug|Any CPU = Debug|Any CPU
		Release|Any CPU = Release|Any CPU
	EndGlobalSection
	GlobalSection(ProjectConfigurationPlatforms) = postSolution
		{A5524B07-9645-49AD-9BB2-74FD729DF97C}.Debug|Any CPU.ActiveCfg = Debug|Any CPU
		{A5524B07-9645-49AD-9BB2-74FD729DF97C}.Debug|Any CPU.Build.0 = Debug|Any CPU
		{A5524B07-9645-49AD-9BB2-74FD729DF97C}.Release|Any CPU.ActiveCfg = Release|Any CPU
		{A5524B07-9645-49AD-9BB2-74FD729DF97C}.Release|Any CPU.Build.0 = Release|Any CPU
	EndGlobalSection
	GlobalSection(SolutionProperties) = preSolution
		HideSolutionNode = FALSE
	EndGlobalSection
	GlobalSection(ExtensibilityGlobals) = postSolution
		SolutionGuid = {4A455DEF-2ECC-408A-B505-51F45764B2F9}
	EndGlobalSection
EndGlobal
